{
  "version": 4,
  "terraform_version": "1.13.3",
  "serial": 278,
  "lineage": "1e79d59e-f101-1b5c-556f-10b1be835bb3",
  "outputs": {
    "resource_group_name": {
      "value": "saja-rg",
      "type": "string"
    }
  },
  "resources": [
    {
      "mode": "managed",
      "type": "azurerm_application_gateway",
      "name": "appgw",
      "provider": "provider[\"registry.terraform.io/hashicorp/azurerm\"]",
      "instances": [
        {
          "schema_version": 0,
          "attributes": {
            "authentication_certificate": [],
            "autoscale_configuration": [],
            "backend_address_pool": [
              {
                "fqdns": [
                  "backend-app.nicebay-71d4a534.southafricanorth.azurecontainerapps.io"
                ],
                "id": "/subscriptions/4421688c-0a8d-4588-8dd0-338c5271d0af/resourceGroups/saja-rg/providers/Microsoft.Network/applicationGateways/saja-burger-builder-appgw/backendAddressPools/backend-backend-pool",
                "ip_addresses": [],
                "name": "backend-backend-pool"
              },
              {
                "fqdns": [
                  "frontend-app.nicebay-71d4a534.southafricanorth.azurecontainerapps.io"
                ],
                "id": "/subscriptions/4421688c-0a8d-4588-8dd0-338c5271d0af/resourceGroups/saja-rg/providers/Microsoft.Network/applicationGateways/saja-burger-builder-appgw/backendAddressPools/frontend-backend-pool",
                "ip_addresses": [],
                "name": "frontend-backend-pool"
              }
            ],
            "backend_http_settings": [
              {
                "affinity_cookie_name": "",
                "authentication_certificate": [],
                "connection_draining": [],
                "cookie_based_affinity": "Disabled",
                "host_name": "",
                "id": "/subscriptions/4421688c-0a8d-4588-8dd0-338c5271d0af/resourceGroups/saja-rg/providers/Microsoft.Network/applicationGateways/saja-burger-builder-appgw/backendHttpSettingsCollection/backend-http-settings",
                "name": "backend-http-settings",
                "path": "",
                "pick_host_name_from_backend_address": true,
                "port": 80,
                "probe_id": "/subscriptions/4421688c-0a8d-4588-8dd0-338c5271d0af/resourceGroups/saja-rg/providers/Microsoft.Network/applicationGateways/saja-burger-builder-appgw/probes/backend-health-probe",
                "probe_name": "backend-health-probe",
                "protocol": "Http",
                "request_timeout": 60,
                "trusted_root_certificate_names": []
              },
              {
                "affinity_cookie_name": "",
                "authentication_certificate": [],
                "connection_draining": [],
                "cookie_based_affinity": "Disabled",
                "host_name": "",
                "id": "/subscriptions/4421688c-0a8d-4588-8dd0-338c5271d0af/resourceGroups/saja-rg/providers/Microsoft.Network/applicationGateways/saja-burger-builder-appgw/backendHttpSettingsCollection/frontend-http-settings",
                "name": "frontend-http-settings",
                "path": "",
                "pick_host_name_from_backend_address": true,
                "port": 80,
                "probe_id": "/subscriptions/4421688c-0a8d-4588-8dd0-338c5271d0af/resourceGroups/saja-rg/providers/Microsoft.Network/applicationGateways/saja-burger-builder-appgw/probes/frontend-health-probe",
                "probe_name": "frontend-health-probe",
                "protocol": "Http",
                "request_timeout": 60,
                "trusted_root_certificate_names": []
              }
            ],
            "custom_error_configuration": [],
            "enable_http2": false,
            "fips_enabled": false,
            "firewall_policy_id": "",
            "force_firewall_policy_association": false,
            "frontend_ip_configuration": [
              {
                "id": "/subscriptions/4421688c-0a8d-4588-8dd0-338c5271d0af/resourceGroups/saja-rg/providers/Microsoft.Network/applicationGateways/saja-burger-builder-appgw/frontendIPConfigurations/appgw-frontend-ip",
                "name": "appgw-frontend-ip",
                "private_ip_address": "",
                "private_ip_address_allocation": "Dynamic",
                "private_link_configuration_id": "",
                "private_link_configuration_name": "",
                "public_ip_address_id": "/subscriptions/4421688c-0a8d-4588-8dd0-338c5271d0af/resourceGroups/saja-rg/providers/Microsoft.Network/publicIPAddresses/saja-appgw-pip",
                "subnet_id": ""
              }
            ],
            "frontend_port": [
              {
                "id": "/subscriptions/4421688c-0a8d-4588-8dd0-338c5271d0af/resourceGroups/saja-rg/providers/Microsoft.Network/applicationGateways/saja-burger-builder-appgw/frontendPorts/http-port",
                "name": "http-port",
                "port": 80
              }
            ],
            "gateway_ip_configuration": [
              {
                "id": "/subscriptions/4421688c-0a8d-4588-8dd0-338c5271d0af/resourceGroups/saja-rg/providers/Microsoft.Network/applicationGateways/saja-burger-builder-appgw/gatewayIPConfigurations/appgw-ip-config",
                "name": "appgw-ip-config",
                "subnet_id": "/subscriptions/4421688c-0a8d-4588-8dd0-338c5271d0af/resourceGroups/saja-rg/providers/Microsoft.Network/virtualNetworks/saja-vnet/subnets/saja-appgw-subnet"
              }
            ],
            "global": [],
            "http_listener": [
              {
                "custom_error_configuration": [],
                "firewall_policy_id": "",
                "frontend_ip_configuration_id": "/subscriptions/4421688c-0a8d-4588-8dd0-338c5271d0af/resourceGroups/saja-rg/providers/Microsoft.Network/applicationGateways/saja-burger-builder-appgw/frontendIPConfigurations/appgw-frontend-ip",
                "frontend_ip_configuration_name": "appgw-frontend-ip",
                "frontend_port_id": "/subscriptions/4421688c-0a8d-4588-8dd0-338c5271d0af/resourceGroups/saja-rg/providers/Microsoft.Network/applicationGateways/saja-burger-builder-appgw/frontendPorts/http-port",
                "frontend_port_name": "http-port",
                "host_name": "",
                "host_names": [],
                "id": "/subscriptions/4421688c-0a8d-4588-8dd0-338c5271d0af/resourceGroups/saja-rg/providers/Microsoft.Network/applicationGateways/saja-burger-builder-appgw/httpListeners/http-listener",
                "name": "http-listener",
                "protocol": "Http",
                "require_sni": false,
                "ssl_certificate_id": "",
                "ssl_certificate_name": "",
                "ssl_profile_id": "",
                "ssl_profile_name": ""
              }
            ],
            "id": "/subscriptions/4421688c-0a8d-4588-8dd0-338c5271d0af/resourceGroups/saja-rg/providers/Microsoft.Network/applicationGateways/saja-burger-builder-appgw",
            "identity": [],
            "location": "centralindia",
            "name": "saja-burger-builder-appgw",
            "private_endpoint_connection": [],
            "private_link_configuration": [],
            "probe": [
              {
                "host": "",
                "id": "/subscriptions/4421688c-0a8d-4588-8dd0-338c5271d0af/resourceGroups/saja-rg/providers/Microsoft.Network/applicationGateways/saja-burger-builder-appgw/probes/backend-health-probe",
                "interval": 30,
                "match": [
                  {
                    "body": "",
                    "status_code": [
                      "200-399"
                    ]
                  }
                ],
                "minimum_servers": 0,
                "name": "backend-health-probe",
                "path": "/api/health",
                "pick_host_name_from_backend_http_settings": true,
                "port": 0,
                "protocol": "Http",
                "timeout": 30,
                "unhealthy_threshold": 3
              },
              {
                "host": "",
                "id": "/subscriptions/4421688c-0a8d-4588-8dd0-338c5271d0af/resourceGroups/saja-rg/providers/Microsoft.Network/applicationGateways/saja-burger-builder-appgw/probes/frontend-health-probe",
                "interval": 30,
                "match": [
                  {
                    "body": "",
                    "status_code": [
                      "200-399"
                    ]
                  }
                ],
                "minimum_servers": 0,
                "name": "frontend-health-probe",
                "path": "/",
                "pick_host_name_from_backend_http_settings": true,
                "port": 0,
                "protocol": "Http",
                "timeout": 30,
                "unhealthy_threshold": 3
              }
            ],
            "redirect_configuration": [],
            "request_routing_rule": [
              {
                "backend_address_pool_id": "",
                "backend_address_pool_name": "",
                "backend_http_settings_id": "",
                "backend_http_settings_name": "",
                "http_listener_id": "/subscriptions/4421688c-0a8d-4588-8dd0-338c5271d0af/resourceGroups/saja-rg/providers/Microsoft.Network/applicationGateways/saja-burger-builder-appgw/httpListeners/http-listener",
                "http_listener_name": "http-listener",
                "id": "/subscriptions/4421688c-0a8d-4588-8dd0-338c5271d0af/resourceGroups/saja-rg/providers/Microsoft.Network/applicationGateways/saja-burger-builder-appgw/requestRoutingRules/path-based-routing-rule",
                "name": "path-based-routing-rule",
                "priority": 100,
                "redirect_configuration_id": "",
                "redirect_configuration_name": "",
                "rewrite_rule_set_id": "",
                "rewrite_rule_set_name": "",
                "rule_type": "PathBasedRouting",
                "url_path_map_id": "/subscriptions/4421688c-0a8d-4588-8dd0-338c5271d0af/resourceGroups/saja-rg/providers/Microsoft.Network/applicationGateways/saja-burger-builder-appgw/urlPathMaps/path-based-routing",
                "url_path_map_name": "path-based-routing"
              }
            ],
            "resource_group_name": "saja-rg",
            "rewrite_rule_set": [],
            "sku": [
              {
                "capacity": 2,
                "name": "Standard_v2",
                "tier": "Standard_v2"
              }
            ],
            "ssl_certificate": [],
            "ssl_policy": [
              {
                "cipher_suites": [],
                "disabled_protocols": [],
                "min_protocol_version": "",
                "policy_name": "AppGwSslPolicy20220101",
                "policy_type": "Predefined"
              }
            ],
            "ssl_profile": [],
            "tags": {},
            "timeouts": null,
            "trusted_client_certificate": [],
            "trusted_root_certificate": [],
            "url_path_map": [
              {
                "default_backend_address_pool_id": "/subscriptions/4421688c-0a8d-4588-8dd0-338c5271d0af/resourceGroups/saja-rg/providers/Microsoft.Network/applicationGateways/saja-burger-builder-appgw/backendAddressPools/frontend-backend-pool",
                "default_backend_address_pool_name": "frontend-backend-pool",
                "default_backend_http_settings_id": "/subscriptions/4421688c-0a8d-4588-8dd0-338c5271d0af/resourceGroups/saja-rg/providers/Microsoft.Network/applicationGateways/saja-burger-builder-appgw/backendHttpSettingsCollection/frontend-http-settings",
                "default_backend_http_settings_name": "frontend-http-settings",
                "default_redirect_configuration_id": "",
                "default_redirect_configuration_name": "",
                "default_rewrite_rule_set_id": "",
                "default_rewrite_rule_set_name": "",
                "id": "/subscriptions/4421688c-0a8d-4588-8dd0-338c5271d0af/resourceGroups/saja-rg/providers/Microsoft.Network/applicationGateways/saja-burger-builder-appgw/urlPathMaps/path-based-routing",
                "name": "path-based-routing",
                "path_rule": [
                  {
                    "backend_address_pool_id": "/subscriptions/4421688c-0a8d-4588-8dd0-338c5271d0af/resourceGroups/saja-rg/providers/Microsoft.Network/applicationGateways/saja-burger-builder-appgw/backendAddressPools/backend-backend-pool",
                    "backend_address_pool_name": "backend-backend-pool",
                    "backend_http_settings_id": "/subscriptions/4421688c-0a8d-4588-8dd0-338c5271d0af/resourceGroups/saja-rg/providers/Microsoft.Network/applicationGateways/saja-burger-builder-appgw/backendHttpSettingsCollection/backend-http-settings",
                    "backend_http_settings_name": "backend-http-settings",
                    "firewall_policy_id": "",
                    "id": "/subscriptions/4421688c-0a8d-4588-8dd0-338c5271d0af/resourceGroups/saja-rg/providers/Microsoft.Network/applicationGateways/saja-burger-builder-appgw/urlPathMaps/path-based-routing/pathRules/api-routing",
                    "name": "api-routing",
                    "paths": [
                      "/api/*"
                    ],
                    "redirect_configuration_id": "",
                    "redirect_configuration_name": "",
                    "rewrite_rule_set_id": "",
                    "rewrite_rule_set_name": ""
                  },
                  {
                    "backend_address_pool_id": "/subscriptions/4421688c-0a8d-4588-8dd0-338c5271d0af/resourceGroups/saja-rg/providers/Microsoft.Network/applicationGateways/saja-burger-builder-appgw/backendAddressPools/backend-backend-pool",
                    "backend_address_pool_name": "backend-backend-pool",
                    "backend_http_settings_id": "/subscriptions/4421688c-0a8d-4588-8dd0-338c5271d0af/resourceGroups/saja-rg/providers/Microsoft.Network/applicationGateways/saja-burger-builder-appgw/backendHttpSettingsCollection/backend-http-settings",
                    "backend_http_settings_name": "backend-http-settings",
                    "firewall_policy_id": "",
                    "id": "/subscriptions/4421688c-0a8d-4588-8dd0-338c5271d0af/resourceGroups/saja-rg/providers/Microsoft.Network/applicationGateways/saja-burger-builder-appgw/urlPathMaps/path-based-routing/pathRules/actuator-routing",
                    "name": "actuator-routing",
                    "paths": [
                      "/actuator/*"
                    ],
                    "redirect_configuration_id": "",
                    "redirect_configuration_name": "",
                    "rewrite_rule_set_id": "",
                    "rewrite_rule_set_name": ""
                  }
                ]
              }
            ],
            "waf_configuration": [],
            "zones": []
          },
          "sensitive_attributes": [],
          "identity_schema_version": 0,
          "identity": {
            "name": "saja-burger-builder-appgw",
            "resource_group_name": "saja-rg",
            "subscription_id": "4421688c-0a8d-4588-8dd0-338c5271d0af"
          },
          "private": "eyJlMmJmYjczMC1lY2FhLTExZTYtOGY4OC0zNDM2M2JjN2M0YzAiOnsiY3JlYXRlIjo1NDAwMDAwMDAwMDAwLCJkZWxldGUiOjU0MDAwMDAwMDAwMDAsInJlYWQiOjMwMDAwMDAwMDAwMCwidXBkYXRlIjo1NDAwMDAwMDAwMDAwfX0=",
          "dependencies": [
            "azurerm_public_ip.appgw",
            "azurerm_resource_group.rg",
            "azurerm_subnet.subnet_appgw",
            "azurerm_virtual_network.vnet"
          ]
        }
      ]
    },
    {
      "mode": "managed",
      "type": "azurerm_container_app",
      "name": "backend",
      "provider": "provider[\"registry.terraform.io/hashicorp/azurerm\"]",
      "instances": [
        {
          "schema_version": 0,
          "attributes": {
            "container_app_environment_id": "/subscriptions/4421688c-0a8d-4588-8dd0-338c5271d0af/resourceGroups/saja-rg/providers/Microsoft.App/managedEnvironments/saja-aca-env",
            "custom_domain_verification_id": "C5629A918A3FA55FF147545881A75721689136F00C9C862C48493941404CBD3C",
            "dapr": [],
            "id": "/subscriptions/4421688c-0a8d-4588-8dd0-338c5271d0af/resourceGroups/saja-rg/providers/Microsoft.App/containerApps/backend-app",
            "identity": [],
            "ingress": [
              {
                "allow_insecure_connections": false,
                "client_certificate_mode": "",
                "cors": [],
                "custom_domain": [],
                "exposed_port": 0,
                "external_enabled": false,
                "fqdn": "backend-app.internal.calmforest-0d6fd79f.centralindia.azurecontainerapps.io",
                "ip_security_restriction": [],
                "target_port": 8080,
                "traffic_weight": [
                  {
                    "label": "",
                    "latest_revision": true,
                    "percentage": 100,
                    "revision_suffix": ""
                  }
                ],
                "transport": "auto"
              }
            ],
            "latest_revision_fqdn": "backend-app--0000003.internal.calmforest-0d6fd79f.centralindia.azurecontainerapps.io",
            "latest_revision_name": "backend-app--0000003",
            "location": "centralindia",
            "max_inactive_revisions": 0,
            "name": "backend-app",
            "outbound_ip_addresses": [
              "20.219.207.65"
            ],
            "registry": [
              {
                "identity": "",
                "password_secret_name": "acr-password",
                "server": "sajaregistry123.azurecr.io",
                "username": "sajaregistry123"
              }
            ],
            "resource_group_name": "saja-rg",
            "revision_mode": "Single",
            "secret": [
              {
                "identity": "",
                "key_vault_secret_id": "",
                "name": "acr-password",
                "value": "3DwGxqqv2SK6ubSqQFgcMl8HTOzDu/RaLljmXGAy/m+ACRAfhVsk"
              }
            ],
            "tags": {},
            "template": [
              {
                "azure_queue_scale_rule": [],
                "container": [
                  {
                    "args": [],
                    "command": [],
                    "cpu": 0.5,
                    "env": [
                      {
                        "name": "SPRING_PROFILES_ACTIVE",
                        "secret_name": "",
                        "value": "docker"
                      },
                      {
                        "name": "DB_HOST",
                        "secret_name": "",
                        "value": "saja-postgres-db.postgres.database.azure.com"
                      },
                      {
                        "name": "DB_PORT",
                        "secret_name": "",
                        "value": "5432"
                      },
                      {
                        "name": "DB_NAME",
                        "secret_name": "",
                        "value": "appdb"
                      },
                      {
                        "name": "DB_USERNAME",
                        "secret_name": "",
                        "value": "pgadmin"
                      },
                      {
                        "name": "DB_PASSWORD",
                        "secret_name": "",
                        "value": "YourStrongPassword123!"
                      },
                      {
                        "name": "DB_DRIVER",
                        "secret_name": "",
                        "value": "org.postgresql.Driver"
                      }
                    ],
                    "ephemeral_storage": "2Gi",
                    "image": "sajaregistry123.azurecr.io/backend:latest",
                    "liveness_probe": [],
                    "memory": "1Gi",
                    "name": "backend",
                    "readiness_probe": [],
                    "startup_probe": [],
                    "volume_mounts": []
                  }
                ],
                "custom_scale_rule": [],
                "http_scale_rule": [],
                "init_container": [],
                "max_replicas": 3,
                "min_replicas": 1,
                "revision_suffix": "",
                "tcp_scale_rule": [],
                "termination_grace_period_seconds": 0,
                "volume": []
              }
            ],
            "timeouts": null,
            "workload_profile_name": ""
          },
          "sensitive_attributes": [
            [
              {
                "type": "get_attr",
                "value": "custom_domain_verification_id"
              }
            ],
            [
              {
                "type": "get_attr",
                "value": "secret"
              }
            ],
            [
              {
                "type": "get_attr",
                "value": "template"
              },
              {
                "type": "index",
                "value": {
                  "value": 0,
                  "type": "number"
                }
              },
              {
                "type": "get_attr",
                "value": "container"
              },
              {
                "type": "index",
                "value": {
                  "value": 0,
                  "type": "number"
                }
              },
              {
                "type": "get_attr",
                "value": "env"
              },
              {
                "type": "index",
                "value": {
                  "value": 5,
                  "type": "number"
                }
              },
              {
                "type": "get_attr",
                "value": "value"
              }
            ]
          ],
          "identity_schema_version": 0,
          "private": "eyJlMmJmYjczMC1lY2FhLTExZTYtOGY4OC0zNDM2M2JjN2M0YzAiOnsiY3JlYXRlIjoxODAwMDAwMDAwMDAwLCJkZWxldGUiOjE4MDAwMDAwMDAwMDAsInJlYWQiOjMwMDAwMDAwMDAwMCwidXBkYXRlIjoxODAwMDAwMDAwMDAwfX0=",
          "dependencies": [
            "azurerm_container_app_environment.aca_env",
            "azurerm_container_registry.acr",
            "azurerm_postgresql_flexible_server.db",
            "azurerm_private_dns_zone.postgres",
            "azurerm_resource_group.rg",
            "azurerm_subnet.db",
            "azurerm_subnet.snet_aca",
            "azurerm_virtual_network.vnet"
          ]
        }
      ]
    },
    {
      "mode": "managed",
      "type": "azurerm_container_app",
      "name": "frontend",
      "provider": "provider[\"registry.terraform.io/hashicorp/azurerm\"]",
      "instances": [
        {
          "schema_version": 0,
          "attributes": {
            "container_app_environment_id": "/subscriptions/4421688c-0a8d-4588-8dd0-338c5271d0af/resourceGroups/saja-rg/providers/Microsoft.App/managedEnvironments/saja-aca-env",
            "custom_domain_verification_id": "C5629A918A3FA55FF147545881A75721689136F00C9C862C48493941404CBD3C",
            "dapr": [],
            "id": "/subscriptions/4421688c-0a8d-4588-8dd0-338c5271d0af/resourceGroups/saja-rg/providers/Microsoft.App/containerApps/frontend-app",
            "identity": [],
            "ingress": [
              {
                "allow_insecure_connections": false,
                "client_certificate_mode": "",
                "cors": [],
                "custom_domain": [],
                "exposed_port": 0,
                "external_enabled": false,
                "fqdn": "frontend-app.internal.calmforest-0d6fd79f.centralindia.azurecontainerapps.io",
                "ip_security_restriction": [],
                "target_port": 80,
                "traffic_weight": [
                  {
                    "label": "",
                    "latest_revision": true,
                    "percentage": 100,
                    "revision_suffix": ""
                  }
                ],
                "transport": "auto"
              }
            ],
            "latest_revision_fqdn": "frontend-app--0000004.internal.calmforest-0d6fd79f.centralindia.azurecontainerapps.io",
            "latest_revision_name": "frontend-app--0000004",
            "location": "centralindia",
            "max_inactive_revisions": 0,
            "name": "frontend-app",
            "outbound_ip_addresses": [
              "20.219.207.65"
            ],
            "registry": [
              {
                "identity": "",
                "password_secret_name": "acr-password",
                "server": "sajaregistry123.azurecr.io",
                "username": "sajaregistry123"
              }
            ],
            "resource_group_name": "saja-rg",
            "revision_mode": "Single",
            "secret": [
              {
                "identity": "",
                "key_vault_secret_id": "",
                "name": "acr-password",
                "value": "3DwGxqqv2SK6ubSqQFgcMl8HTOzDu/RaLljmXGAy/m+ACRAfhVsk"
              }
            ],
            "tags": {},
            "template": [
              {
                "azure_queue_scale_rule": [],
                "container": [
                  {
                    "args": [],
                    "command": [],
                    "cpu": 0.5,
                    "env": [],
                    "ephemeral_storage": "2Gi",
                    "image": "sajaregistry123.azurecr.io/frontend:v4",
                    "liveness_probe": [],
                    "memory": "1Gi",
                    "name": "frontend",
                    "readiness_probe": [],
                    "startup_probe": [],
                    "volume_mounts": []
                  }
                ],
                "custom_scale_rule": [],
                "http_scale_rule": [],
                "init_container": [],
                "max_replicas": 3,
                "min_replicas": 1,
                "revision_suffix": "",
                "tcp_scale_rule": [],
                "termination_grace_period_seconds": 0,
                "volume": []
              }
            ],
            "timeouts": null,
            "workload_profile_name": ""
          },
          "sensitive_attributes": [
            [
              {
                "type": "get_attr",
                "value": "custom_domain_verification_id"
              }
            ],
            [
              {
                "type": "get_attr",
                "value": "secret"
              }
            ]
          ],
          "identity_schema_version": 0,
          "private": "eyJlMmJmYjczMC1lY2FhLTExZTYtOGY4OC0zNDM2M2JjN2M0YzAiOnsiY3JlYXRlIjoxODAwMDAwMDAwMDAwLCJkZWxldGUiOjE4MDAwMDAwMDAwMDAsInJlYWQiOjMwMDAwMDAwMDAwMCwidXBkYXRlIjoxODAwMDAwMDAwMDAwfX0=",
          "dependencies": [
            "azurerm_container_app_environment.aca_env",
            "azurerm_container_registry.acr",
            "azurerm_resource_group.rg",
            "azurerm_subnet.snet_aca",
            "azurerm_virtual_network.vnet"
          ]
        }
      ]
    },
    {
      "mode": "managed",
      "type": "azurerm_container_app_environment",
      "name": "aca_env",
      "provider": "provider[\"registry.terraform.io/hashicorp/azurerm\"]",
      "instances": [
        {
          "schema_version": 0,
          "attributes": {
            "custom_domain_verification_id": "C5629A918A3FA55FF147545881A75721689136F00C9C862C48493941404CBD3C",
            "dapr_application_insights_connection_string": "",
            "default_domain": "calmforest-0d6fd79f.centralindia.azurecontainerapps.io",
            "docker_bridge_cidr": "",
            "id": "/subscriptions/4421688c-0a8d-4588-8dd0-338c5271d0af/resourceGroups/saja-rg/providers/Microsoft.App/managedEnvironments/saja-aca-env",
            "identity": [],
            "infrastructure_resource_group_name": "",
            "infrastructure_subnet_id": "/subscriptions/4421688c-0a8d-4588-8dd0-338c5271d0af/resourceGroups/saja-rg/providers/Microsoft.Network/virtualNetworks/saja-vnet/subnets/snet-aca",
            "internal_load_balancer_enabled": false,
            "location": "centralindia",
            "log_analytics_workspace_id": "",
            "logs_destination": "",
            "mutual_tls_enabled": false,
            "name": "saja-aca-env",
            "platform_reserved_cidr": "10.1.0.0/16",
            "platform_reserved_dns_ip_address": "10.1.0.2",
            "resource_group_name": "saja-rg",
            "static_ip_address": "135.235.250.238",
            "tags": {},
            "timeouts": null,
            "workload_profile": [],
            "zone_redundancy_enabled": false
          },
          "sensitive_attributes": [
            [
              {
                "type": "get_attr",
                "value": "dapr_application_insights_connection_string"
              }
            ]
          ],
          "identity_schema_version": 0,
          "private": "eyJlMmJmYjczMC1lY2FhLTExZTYtOGY4OC0zNDM2M2JjN2M0YzAiOnsiY3JlYXRlIjoxODAwMDAwMDAwMDAwLCJkZWxldGUiOjE4MDAwMDAwMDAwMDAsInJlYWQiOjMwMDAwMDAwMDAwMCwidXBkYXRlIjoxODAwMDAwMDAwMDAwfX0=",
          "dependencies": [
            "azurerm_resource_group.rg",
            "azurerm_subnet.snet_aca",
            "azurerm_virtual_network.vnet"
          ]
        }
      ]
    },
    {
      "mode": "managed",
      "type": "azurerm_container_registry",
      "name": "acr",
      "provider": "provider[\"registry.terraform.io/hashicorp/azurerm\"]",
      "instances": [
        {
          "schema_version": 2,
          "attributes": {
            "admin_enabled": true,
            "admin_password": "3DwGxqqv2SK6ubSqQFgcMl8HTOzDu/RaLljmXGAy/m+ACRAfhVsk",
            "admin_username": "sajaregistry123",
            "anonymous_pull_enabled": false,
            "data_endpoint_enabled": false,
            "data_endpoint_host_names": [],
            "encryption": [],
            "export_policy_enabled": true,
            "georeplications": [],
            "id": "/subscriptions/4421688c-0a8d-4588-8dd0-338c5271d0af/resourceGroups/saja-rg/providers/Microsoft.ContainerRegistry/registries/sajaregistry123",
            "identity": [],
            "location": "centralindia",
            "login_server": "sajaregistry123.azurecr.io",
            "name": "sajaregistry123",
            "network_rule_bypass_option": "AzureServices",
            "network_rule_set": [],
            "public_network_access_enabled": true,
            "quarantine_policy_enabled": false,
            "resource_group_name": "saja-rg",
            "retention_policy_in_days": 0,
            "sku": "Basic",
            "tags": {},
            "timeouts": null,
            "trust_policy_enabled": false,
            "zone_redundancy_enabled": false
          },
          "sensitive_attributes": [
            [
              {
                "type": "get_attr",
                "value": "admin_password"
              }
            ]
          ],
          "identity_schema_version": 0,
          "private": "eyJlMmJmYjczMC1lY2FhLTExZTYtOGY4OC0zNDM2M2JjN2M0YzAiOnsiY3JlYXRlIjoxODAwMDAwMDAwMDAwLCJkZWxldGUiOjE4MDAwMDAwMDAwMDAsInJlYWQiOjMwMDAwMDAwMDAwMCwidXBkYXRlIjoxODAwMDAwMDAwMDAwfSwic2NoZW1hX3ZlcnNpb24iOiIyIn0=",
          "dependencies": [
            "azurerm_resource_group.rg"
          ]
        }
      ]
    },
    {
      "mode": "managed",
      "type": "azurerm_postgresql_flexible_server",
      "name": "db",
      "provider": "provider[\"registry.terraform.io/hashicorp/azurerm\"]",
      "instances": [
        {
          "schema_version": 0,
          "attributes": {
            "administrator_login": "pgadmin",
            "administrator_password": "YourStrongPassword123!",
            "administrator_password_wo": null,
            "administrator_password_wo_version": 0,
            "authentication": [
              {
                "active_directory_auth_enabled": false,
                "password_auth_enabled": true,
                "tenant_id": ""
              }
            ],
            "auto_grow_enabled": false,
            "backup_retention_days": 7,
            "create_mode": null,
            "customer_managed_key": [],
            "delegated_subnet_id": "/subscriptions/4421688c-0a8d-4588-8dd0-338c5271d0af/resourceGroups/saja-rg/providers/Microsoft.Network/virtualNetworks/saja-vnet/subnets/saja-db-subnet",
            "fqdn": "saja-postgres-db.postgres.database.azure.com",
            "geo_redundant_backup_enabled": false,
            "high_availability": [],
            "id": "/subscriptions/4421688c-0a8d-4588-8dd0-338c5271d0af/resourceGroups/saja-rg/providers/Microsoft.DBforPostgreSQL/flexibleServers/saja-postgres-db",
            "identity": [],
            "location": "centralindia",
            "maintenance_window": [],
            "name": "saja-postgres-db",
            "point_in_time_restore_time_in_utc": "",
            "private_dns_zone_id": "/subscriptions/4421688c-0a8d-4588-8dd0-338c5271d0af/resourceGroups/saja-rg/providers/Microsoft.Network/privateDnsZones/privatelink.postgres.database.azure.com",
            "public_network_access_enabled": false,
            "replication_role": "",
            "resource_group_name": "saja-rg",
            "sku_name": "B_Standard_B1ms",
            "source_server_id": "",
            "storage_mb": 32768,
            "storage_tier": "P4",
            "tags": {},
            "timeouts": null,
            "version": "16",
            "zone": "1"
          },
          "sensitive_attributes": [
            [
              {
                "type": "get_attr",
                "value": "administrator_password"
              }
            ]
          ],
          "identity_schema_version": 0,
          "private": "eyJlMmJmYjczMC1lY2FhLTExZTYtOGY4OC0zNDM2M2JjN2M0YzAiOnsiY3JlYXRlIjozNjAwMDAwMDAwMDAwLCJkZWxldGUiOjM2MDAwMDAwMDAwMDAsInJlYWQiOjMwMDAwMDAwMDAwMCwidXBkYXRlIjozNjAwMDAwMDAwMDAwfX0=",
          "dependencies": [
            "azurerm_private_dns_zone.postgres",
            "azurerm_resource_group.rg",
            "azurerm_subnet.db",
            "azurerm_virtual_network.vnet"
          ]
        }
      ]
    },
    {
      "mode": "managed",
      "type": "azurerm_postgresql_flexible_server_database",
      "name": "appdb",
      "provider": "provider[\"registry.terraform.io/hashicorp/azurerm\"]",
      "instances": [
        {
          "schema_version": 0,
          "attributes": {
            "charset": "UTF8",
            "collation": "en_US.utf8",
            "id": "/subscriptions/4421688c-0a8d-4588-8dd0-338c5271d0af/resourceGroups/saja-rg/providers/Microsoft.DBforPostgreSQL/flexibleServers/saja-postgres-db/databases/appdb",
            "name": "appdb",
            "server_id": "/subscriptions/4421688c-0a8d-4588-8dd0-338c5271d0af/resourceGroups/saja-rg/providers/Microsoft.DBforPostgreSQL/flexibleServers/saja-postgres-db",
            "timeouts": null
          },
          "sensitive_attributes": [],
          "identity_schema_version": 0,
          "private": "eyJlMmJmYjczMC1lY2FhLTExZTYtOGY4OC0zNDM2M2JjN2M0YzAiOnsiY3JlYXRlIjoxODAwMDAwMDAwMDAwLCJkZWxldGUiOjE4MDAwMDAwMDAwMDAsInJlYWQiOjMwMDAwMDAwMDAwMH19",
          "dependencies": [
            "azurerm_postgresql_flexible_server.db",
            "azurerm_private_dns_zone.postgres",
            "azurerm_resource_group.rg",
            "azurerm_subnet.db",
            "azurerm_virtual_network.vnet"
          ]
        }
      ]
    },
    {
      "mode": "managed",
      "type": "azurerm_private_dns_zone",
      "name": "postgres",
      "provider": "provider[\"registry.terraform.io/hashicorp/azurerm\"]",
      "instances": [
        {
          "schema_version": 0,
          "attributes": {
            "id": "/subscriptions/4421688c-0a8d-4588-8dd0-338c5271d0af/resourceGroups/saja-rg/providers/Microsoft.Network/privateDnsZones/privatelink.postgres.database.azure.com",
            "max_number_of_record_sets": 25000,
            "max_number_of_virtual_network_links": 1000,
            "max_number_of_virtual_network_links_with_registration": 100,
            "name": "privatelink.postgres.database.azure.com",
            "number_of_record_sets": 2,
            "resource_group_name": "saja-rg",
            "soa_record": [
              {
                "email": "azureprivatedns-host.microsoft.com",
                "expire_time": 2419200,
                "fqdn": "privatelink.postgres.database.azure.com.",
                "host_name": "azureprivatedns.net",
                "minimum_ttl": 10,
                "refresh_time": 3600,
                "retry_time": 300,
                "serial_number": 1,
                "tags": {},
                "ttl": 3600
              }
            ],
            "tags": {},
            "timeouts": null
          },
          "sensitive_attributes": [],
          "identity_schema_version": 0,
          "identity": {
            "name": "privatelink.postgres.database.azure.com",
            "resource_group_name": "saja-rg",
            "subscription_id": "4421688c-0a8d-4588-8dd0-338c5271d0af"
          },
          "private": "eyJlMmJmYjczMC1lY2FhLTExZTYtOGY4OC0zNDM2M2JjN2M0YzAiOnsiY3JlYXRlIjoxODAwMDAwMDAwMDAwLCJkZWxldGUiOjE4MDAwMDAwMDAwMDAsInJlYWQiOjMwMDAwMDAwMDAwMCwidXBkYXRlIjoxODAwMDAwMDAwMDAwfX0=",
          "dependencies": [
            "azurerm_resource_group.rg"
          ]
        }
      ]
    },
    {
      "mode": "managed",
      "type": "azurerm_private_dns_zone_virtual_network_link",
      "name": "postgres",
      "provider": "provider[\"registry.terraform.io/hashicorp/azurerm\"]",
      "instances": [
        {
          "schema_version": 0,
          "attributes": {
            "id": "/subscriptions/4421688c-0a8d-4588-8dd0-338c5271d0af/resourceGroups/saja-rg/providers/Microsoft.Network/privateDnsZones/privatelink.postgres.database.azure.com/virtualNetworkLinks/postgres-dns-link",
            "name": "postgres-dns-link",
            "private_dns_zone_name": "privatelink.postgres.database.azure.com",
            "registration_enabled": false,
            "resolution_policy": "Default",
            "resource_group_name": "saja-rg",
            "tags": {},
            "timeouts": null,
            "virtual_network_id": "/subscriptions/4421688c-0a8d-4588-8dd0-338c5271d0af/resourceGroups/saja-rg/providers/Microsoft.Network/virtualNetworks/saja-vnet"
          },
          "sensitive_attributes": [],
          "identity_schema_version": 0,
          "identity": {
            "name": "postgres-dns-link",
            "private_dns_zone_name": "privatelink.postgres.database.azure.com",
            "resource_group_name": "saja-rg",
            "subscription_id": "4421688c-0a8d-4588-8dd0-338c5271d0af"
          },
          "private": "eyJlMmJmYjczMC1lY2FhLTExZTYtOGY4OC0zNDM2M2JjN2M0YzAiOnsiY3JlYXRlIjoxODAwMDAwMDAwMDAwLCJkZWxldGUiOjE4MDAwMDAwMDAwMDAsInJlYWQiOjMwMDAwMDAwMDAwMCwidXBkYXRlIjoxODAwMDAwMDAwMDAwfX0=",
          "dependencies": [
            "azurerm_private_dns_zone.postgres",
            "azurerm_resource_group.rg",
            "azurerm_virtual_network.vnet"
          ]
        }
      ]
    },
    {
      "mode": "managed",
      "type": "azurerm_public_ip",
      "name": "appgw",
      "provider": "provider[\"registry.terraform.io/hashicorp/azurerm\"]",
      "instances": [
        {
          "schema_version": 0,
          "attributes": {
            "allocation_method": "Static",
            "ddos_protection_mode": "VirtualNetworkInherited",
            "ddos_protection_plan_id": null,
            "domain_name_label": null,
            "domain_name_label_scope": null,
            "edge_zone": "",
            "fqdn": null,
            "id": "/subscriptions/4421688c-0a8d-4588-8dd0-338c5271d0af/resourceGroups/saja-rg/providers/Microsoft.Network/publicIPAddresses/saja-appgw-pip",
            "idle_timeout_in_minutes": 4,
            "ip_address": "135.235.165.250",
            "ip_tags": {},
            "ip_version": "IPv4",
            "location": "centralindia",
            "name": "saja-appgw-pip",
            "public_ip_prefix_id": null,
            "resource_group_name": "saja-rg",
            "reverse_fqdn": null,
            "sku": "Standard",
            "sku_tier": "Regional",
            "tags": {},
            "timeouts": null,
            "zones": []
          },
          "sensitive_attributes": [],
          "identity_schema_version": 0,
          "private": "eyJlMmJmYjczMC1lY2FhLTExZTYtOGY4OC0zNDM2M2JjN2M0YzAiOnsiY3JlYXRlIjoxODAwMDAwMDAwMDAwLCJkZWxldGUiOjE4MDAwMDAwMDAwMDAsInJlYWQiOjMwMDAwMDAwMDAwMCwidXBkYXRlIjoxODAwMDAwMDAwMDAwfX0=",
          "dependencies": [
            "azurerm_resource_group.rg"
          ]
        }
      ]
    },
    {
      "mode": "managed",
      "type": "azurerm_resource_group",
      "name": "rg",
      "provider": "provider[\"registry.terraform.io/hashicorp/azurerm\"]",
      "instances": [
        {
          "schema_version": 0,
          "attributes": {
            "id": "/subscriptions/4421688c-0a8d-4588-8dd0-338c5271d0af/resourceGroups/saja-rg",
            "location": "centralindia",
            "managed_by": "",
            "name": "saja-rg",
            "tags": {},
            "timeouts": null
          },
          "sensitive_attributes": [],
          "identity_schema_version": 0,
          "private": "eyJlMmJmYjczMC1lY2FhLTExZTYtOGY4OC0zNDM2M2JjN2M0YzAiOnsiY3JlYXRlIjo1NDAwMDAwMDAwMDAwLCJkZWxldGUiOjU0MDAwMDAwMDAwMDAsInJlYWQiOjMwMDAwMDAwMDAwMCwidXBkYXRlIjo1NDAwMDAwMDAwMDAwfSwic2NoZW1hX3ZlcnNpb24iOiIwIn0="
        }
      ]
    },
    {
      "mode": "managed",
      "type": "azurerm_subnet",
      "name": "db",
      "provider": "provider[\"registry.terraform.io/hashicorp/azurerm\"]",
      "instances": [
        {
          "schema_version": 0,
          "attributes": {
            "address_prefixes": [
              "10.0.2.0/28"
            ],
            "default_outbound_access_enabled": true,
            "delegation": [
              {
                "name": "dbdelegation",
                "service_delegation": [
                  {
                    "actions": [
                      "Microsoft.Network/virtualNetworks/subnets/join/action"
                    ],
                    "name": "Microsoft.DBforPostgreSQL/flexibleServers"
                  }
                ]
              }
            ],
            "id": "/subscriptions/4421688c-0a8d-4588-8dd0-338c5271d0af/resourceGroups/saja-rg/providers/Microsoft.Network/virtualNetworks/saja-vnet/subnets/saja-db-subnet",
            "ip_address_pool": [],
            "name": "saja-db-subnet",
            "private_endpoint_network_policies": "Disabled",
            "private_link_service_network_policies_enabled": true,
            "resource_group_name": "saja-rg",
            "service_endpoint_policy_ids": [],
            "service_endpoints": [],
            "sharing_scope": "",
            "timeouts": null,
            "virtual_network_name": "saja-vnet"
          },
          "sensitive_attributes": [],
          "identity_schema_version": 0,
          "identity": {
            "name": "saja-db-subnet",
            "resource_group_name": "saja-rg",
            "subscription_id": "4421688c-0a8d-4588-8dd0-338c5271d0af",
            "virtual_network_name": "saja-vnet"
          },
          "private": "eyJlMmJmYjczMC1lY2FhLTExZTYtOGY4OC0zNDM2M2JjN2M0YzAiOnsiY3JlYXRlIjoxODAwMDAwMDAwMDAwLCJkZWxldGUiOjE4MDAwMDAwMDAwMDAsInJlYWQiOjMwMDAwMDAwMDAwMCwidXBkYXRlIjoxODAwMDAwMDAwMDAwfX0=",
          "dependencies": [
            "azurerm_resource_group.rg",
            "azurerm_virtual_network.vnet"
          ]
        }
      ]
    },
    {
      "mode": "managed",
      "type": "azurerm_subnet",
      "name": "snet_aca",
      "provider": "provider[\"registry.terraform.io/hashicorp/azurerm\"]",
      "instances": [
        {
          "schema_version": 0,
          "attributes": {
            "address_prefixes": [
              "10.0.4.0/23"
            ],
            "default_outbound_access_enabled": true,
            "delegation": [],
            "id": "/subscriptions/4421688c-0a8d-4588-8dd0-338c5271d0af/resourceGroups/saja-rg/providers/Microsoft.Network/virtualNetworks/saja-vnet/subnets/snet-aca",
            "ip_address_pool": [],
            "name": "snet-aca",
            "private_endpoint_network_policies": "Disabled",
            "private_link_service_network_policies_enabled": true,
            "resource_group_name": "saja-rg",
            "service_endpoint_policy_ids": [],
            "service_endpoints": [],
            "sharing_scope": "",
            "timeouts": null,
            "virtual_network_name": "saja-vnet"
          },
          "sensitive_attributes": [],
          "identity_schema_version": 0,
          "identity": {
            "name": "snet-aca",
            "resource_group_name": "saja-rg",
            "subscription_id": "4421688c-0a8d-4588-8dd0-338c5271d0af",
            "virtual_network_name": "saja-vnet"
          },
          "private": "eyJlMmJmYjczMC1lY2FhLTExZTYtOGY4OC0zNDM2M2JjN2M0YzAiOnsiY3JlYXRlIjoxODAwMDAwMDAwMDAwLCJkZWxldGUiOjE4MDAwMDAwMDAwMDAsInJlYWQiOjMwMDAwMDAwMDAwMCwidXBkYXRlIjoxODAwMDAwMDAwMDAwfX0=",
          "dependencies": [
            "azurerm_resource_group.rg",
            "azurerm_virtual_network.vnet"
          ]
        }
      ]
    },
    {
      "mode": "managed",
      "type": "azurerm_subnet",
      "name": "subnet_appgw",
      "provider": "provider[\"registry.terraform.io/hashicorp/azurerm\"]",
      "instances": [
        {
          "schema_version": 0,
          "attributes": {
            "address_prefixes": [
              "10.0.6.0/24"
            ],
            "default_outbound_access_enabled": true,
            "delegation": [],
            "id": "/subscriptions/4421688c-0a8d-4588-8dd0-338c5271d0af/resourceGroups/saja-rg/providers/Microsoft.Network/virtualNetworks/saja-vnet/subnets/saja-appgw-subnet",
            "ip_address_pool": [],
            "name": "saja-appgw-subnet",
            "private_endpoint_network_policies": "Disabled",
            "private_link_service_network_policies_enabled": true,
            "resource_group_name": "saja-rg",
            "service_endpoint_policy_ids": [],
            "service_endpoints": [],
            "sharing_scope": "",
            "timeouts": null,
            "virtual_network_name": "saja-vnet"
          },
          "sensitive_attributes": [],
          "identity_schema_version": 0,
          "identity": {
            "name": "saja-appgw-subnet",
            "resource_group_name": "saja-rg",
            "subscription_id": "4421688c-0a8d-4588-8dd0-338c5271d0af",
            "virtual_network_name": "saja-vnet"
          },
          "private": "eyJlMmJmYjczMC1lY2FhLTExZTYtOGY4OC0zNDM2M2JjN2M0YzAiOnsiY3JlYXRlIjoxODAwMDAwMDAwMDAwLCJkZWxldGUiOjE4MDAwMDAwMDAwMDAsInJlYWQiOjMwMDAwMDAwMDAwMCwidXBkYXRlIjoxODAwMDAwMDAwMDAwfX0=",
          "dependencies": [
            "azurerm_resource_group.rg",
            "azurerm_virtual_network.vnet"
          ]
        }
      ]
    },
    {
      "mode": "managed",
      "type": "azurerm_virtual_network",
      "name": "vnet",
      "provider": "provider[\"registry.terraform.io/hashicorp/azurerm\"]",
      "instances": [
        {
          "schema_version": 0,
          "attributes": {
            "address_space": [
              "10.0.0.0/16"
            ],
            "bgp_community": "",
            "ddos_protection_plan": [],
            "dns_servers": [],
            "edge_zone": "",
            "encryption": [],
            "flow_timeout_in_minutes": 0,
            "guid": "c77ea310-8fb4-44b9-a3eb-cdc216dd1d91",
            "id": "/subscriptions/4421688c-0a8d-4588-8dd0-338c5271d0af/resourceGroups/saja-rg/providers/Microsoft.Network/virtualNetworks/saja-vnet",
            "ip_address_pool": [],
            "location": "centralindia",
            "name": "saja-vnet",
            "private_endpoint_vnet_policies": "Disabled",
            "resource_group_name": "saja-rg",
            "subnet": [
              {
                "address_prefixes": [
                  "10.0.2.0/28"
                ],
                "default_outbound_access_enabled": true,
                "delegation": [
                  {
                    "name": "dbdelegation",
                    "service_delegation": [
                      {
                        "actions": [
                          "Microsoft.Network/virtualNetworks/subnets/join/action"
                        ],
                        "name": "Microsoft.DBforPostgreSQL/flexibleServers"
                      }
                    ]
                  }
                ],
                "id": "/subscriptions/4421688c-0a8d-4588-8dd0-338c5271d0af/resourceGroups/saja-rg/providers/Microsoft.Network/virtualNetworks/saja-vnet/subnets/saja-db-subnet",
                "name": "saja-db-subnet",
                "private_endpoint_network_policies": "Disabled",
                "private_link_service_network_policies_enabled": true,
                "route_table_id": "",
                "security_group": "",
                "service_endpoint_policy_ids": [],
                "service_endpoints": []
              },
              {
                "address_prefixes": [
                  "10.0.4.0/23"
                ],
                "default_outbound_access_enabled": true,
                "delegation": [],
                "id": "/subscriptions/4421688c-0a8d-4588-8dd0-338c5271d0af/resourceGroups/saja-rg/providers/Microsoft.Network/virtualNetworks/saja-vnet/subnets/snet-aca",
                "name": "snet-aca",
                "private_endpoint_network_policies": "Disabled",
                "private_link_service_network_policies_enabled": true,
                "route_table_id": "",
                "security_group": "",
                "service_endpoint_policy_ids": [],
                "service_endpoints": []
              },
              {
                "address_prefixes": [
                  "10.0.6.0/24"
                ],
                "default_outbound_access_enabled": true,
                "delegation": [],
                "id": "/subscriptions/4421688c-0a8d-4588-8dd0-338c5271d0af/resourceGroups/saja-rg/providers/Microsoft.Network/virtualNetworks/saja-vnet/subnets/saja-appgw-subnet",
                "name": "saja-appgw-subnet",
                "private_endpoint_network_policies": "Disabled",
                "private_link_service_network_policies_enabled": true,
                "route_table_id": "",
                "security_group": "",
                "service_endpoint_policy_ids": [],
                "service_endpoints": []
              }
            ],
            "tags": {},
            "timeouts": null
          },
          "sensitive_attributes": [],
          "identity_schema_version": 0,
          "identity": {
            "name": "saja-vnet",
            "resource_group_name": "saja-rg",
            "subscription_id": "4421688c-0a8d-4588-8dd0-338c5271d0af"
          },
          "private": "eyJlMmJmYjczMC1lY2FhLTExZTYtOGY4OC0zNDM2M2JjN2M0YzAiOnsiY3JlYXRlIjoxODAwMDAwMDAwMDAwLCJkZWxldGUiOjE4MDAwMDAwMDAwMDAsInJlYWQiOjMwMDAwMDAwMDAwMCwidXBkYXRlIjoxODAwMDAwMDAwMDAwfSwic2NoZW1hX3ZlcnNpb24iOiIwIn0=",
          "dependencies": [
            "azurerm_resource_group.rg"
          ]
        }
      ]
    }
  ],
  "check_results": null
}
